
Microsoft Visual Studio Solution File, Format Version 12.00
# Visual Studio Version 16
VisualStudioVersion = 16.0.31313.79
MinimumVisualStudioVersion = 10.0.40219.1
Project("{9A19103F-16F7-4668-BE54-9A1E7A4F7556}") = "Infrastructure", "Infrastructure\Infrastructure.csproj", "{438A3480-6E2A-417F-B4DF-5AA6C3C0F5B9}"
EndProject
Project("{9A19103F-16F7-4668-BE54-9A1E7A4F7556}") = "Domain", "Domain\Domain.csproj", "{FD14D265-A04F-463E-A0E0-F6C51CEE0F8C}"
EndProject
Project("{9A19103F-16F7-4668-BE54-9A1E7A4F7556}") = "Service", "Service\Service.csproj", "{04192FC4-A12A-4695-98EA-7D2192B08D39}"
EndProject
Project("{9A19103F-16F7-4668-BE54-9A1E7A4F7556}") = "WebApplication", "WebApplication\WebApplication.csproj", "{B9A08100-FCDD-4A01-89F6-DC8BC028D18F}"
EndProject
Project("{9A19103F-16F7-4668-BE54-9A1E7A4F7556}") = "Migrations", "Migrations\Migrations.csproj", "{D4D02A19-EED1-4456-8614-664624111E6C}"
EndProject
Global
	GlobalSection(SolutionConfigurationPlatforms) = preSolution
		Debug|Any CPU = Debug|Any CPU
		Release|Any CPU = Release|Any CPU
	EndGlobalSection
	GlobalSection(ProjectConfigurationPlatforms) = postSolution
		{438A3480-6E2A-417F-B4DF-5AA6C3C0F5B9}.Debug|Any CPU.ActiveCfg = Debug|Any CPU
		{438A3480-6E2A-417F-B4DF-5AA6C3C0F5B9}.Debug|Any CPU.Build.0 = Debug|Any CPU
		{438A3480-6E2A-417F-B4DF-5AA6C3C0F5B9}.Release|Any CPU.ActiveCfg = Release|Any CPU
		{438A3480-6E2A-417F-B4DF-5AA6C3C0F5B9}.Release|Any CPU.Build.0 = Release|Any CPU
		{FD14D265-A04F-463E-A0E0-F6C51CEE0F8C}.Debug|Any CPU.ActiveCfg = Debug|Any CPU
		{FD14D265-A04F-463E-A0E0-F6C51CEE0F8C}.Debug|Any CPU.Build.0 = Debug|Any CPU
		{FD14D265-A04F-463E-A0E0-F6C51CEE0F8C}.Release|Any CPU.ActiveCfg = Release|Any CPU
		{FD14D265-A04F-463E-A0E0-F6C51CEE0F8C}.Release|Any CPU.Build.0 = Release|Any CPU
		{04192FC4-A12A-4695-98EA-7D2192B08D39}.Debug|Any CPU.ActiveCfg = Debug|Any CPU
		{04192FC4-A12A-4695-98EA-7D2192B08D39}.Debug|Any CPU.Build.0 = Debug|Any CPU
		{04192FC4-A12A-4695-98EA-7D2192B08D39}.Release|Any CPU.ActiveCfg = Release|Any CPU
		{04192FC4-A12A-4695-98EA-7D2192B08D39}.Release|Any CPU.Build.0 = Release|Any CPU
		{B9A08100-FCDD-4A01-89F6-DC8BC028D18F}.Debug|Any CPU.ActiveCfg = Debug|Any CPU
		{B9A08100-FCDD-4A01-89F6-DC8BC028D18F}.Debug|Any CPU.Build.0 = Debug|Any CPU
		{B9A08100-FCDD-4A01-89F6-DC8BC028D18F}.Release|Any CPU.ActiveCfg = Release|Any CPU
		{B9A08100-FCDD-4A01-89F6-DC8BC028D18F}.Release|Any CPU.Build.0 = Release|Any CPU
		{D4D02A19-EED1-4456-8614-664624111E6C}.Debug|Any CPU.ActiveCfg = Debug|Any CPU
		{D4D02A19-EED1-4456-8614-664624111E6C}.Debug|Any CPU.Build.0 = Debug|Any CPU
		{D4D02A19-EED1-4456-8614-664624111E6C}.Release|Any CPU.ActiveCfg = Release|Any CPU
		{D4D02A19-EED1-4456-8614-664624111E6C}.Release|Any CPU.Build.0 = Release|Any CPU
	EndGlobalSection
	GlobalSection(SolutionProperties) = preSolution
		HideSolutionNode = FALSE
	EndGlobalSection
	GlobalSection(ExtensibilityGlobals) = postSolution
		SolutionGuid = {2BB59643-0679-4244-ABA8-300E6F7BA7BE}
	EndGlobalSection
EndGlobal
